// !$*UTF8*$!
{
	archiveVersion = 1;
	classes = {
	};
	objectVersion = 55;
	objects = {

/* Begin PBXBuildFile section */
		6359F8A728DDA23400CC7C87 /* FileRenamerApp.swift in Sources */ = {isa = PBXBuildFile; fileRef = 6359F8A628DDA23400CC7C87 /* FileRenamerApp.swift */; };
		6359F8A928DDA23400CC7C87 /* ContentView.swift in Sources */ = {isa = PBXBuildFile; fileRef = 6359F8A828DDA23400CC7C87 /* ContentView.swift */; };
		6359F8AB28DDA23500CC7C87 /* Assets.xcassets in Resources */ = {isa = PBXBuildFile; fileRef = 6359F8AA28DDA23500CC7C87 /* Assets.xcassets */; };
		6359F8AE28DDA23500CC7C87 /* Preview Assets.xcassets in Resources */ = {isa = PBXBuildFile; fileRef = 6359F8AD28DDA23500CC7C87 /* Preview Assets.xcassets */; };
		6359F8B828DDA38500CC7C87 /* ModelData.swift in Sources */ = {isa = PBXBuildFile; fileRef = 6359F8B728DDA38500CC7C87 /* ModelData.swift */; };
/* End PBXBuildFile section */

/* Begin PBXFileReference section */
		6359F8A328DDA23400CC7C87 /* FileRenamer.app */ = {isa = PBXFileReference; explicitFileType = wrapper.application; includeInIndex = 0; path = FileRenamer.app; sourceTree = BUILT_PRODUCTS_DIR; };
		6359F8A628DDA23400CC7C87 /* FileRenamerApp.swift */ = {isa = PBXFileReference; lastKnownFileType = sourcecode.swift; path = FileRenamerApp.swift; sourceTree = "<group>"; };
		6359F8A828DDA23400CC7C87 /* ContentView.swift */ = {isa = PBXFileReference; lastKnownFileType = sourcecode.swift; path = ContentView.swift; sourceTree = "<group>"; };
		6359F8AA28DDA23500CC7C87 /* Assets.xcassets */ = {isa = PBXFileReference; lastKnownFileType = folder.assetcatalog; path = Assets.xcassets; sourceTree = "<group>"; };
		6359F8AD28DDA23500CC7C87 /* Preview Assets.xcassets */ = {isa = PBXFileReference; lastKnownFileType = folder.assetcatalog; path = "Preview Assets.xcassets"; sourceTree = "<group>"; };
		6359F8AF28DDA23500CC7C87 /* FileRenamer.entitlements */ = {isa = PBXFileReference; lastKnownFileType = text.plist.entitlements; path = FileRenamer.entitlements; sourceTree = "<group>"; };
		6359F8B728DDA38500CC7C87 /* ModelData.swift */ = {isa = PBXFileReference; lastKnownFileType = sourcecode.swift; path = ModelData.swift; sourceTree = "<group>"; };
		637E6A7F29BF364400F7B7EE /* README.md */ = {isa = PBXFileReference; lastKnownFileType = net.daringfireball.markdown; path = README.md; sourceTree = "<group>"; };
		637E6A8029BF37F200F7B7EE /* Screenshot1.png */ = {isa = PBXFileReference; lastKnownFileType = image.png; path = Screenshot1.png; sourceTree = "<group>"; };
/* End PBXFileReference section */

/* Begin PBXFrameworksBuildPhase section */
		6359F8A028DDA23400CC7C87 /* Frameworks */ = {
			isa = PBXFrameworksBuildPhase;
			buildActionMask = 2147483647;
			files = (
			);
			runOnlyForDeploymentPostprocessing = 0;
		};
/* End PBXFrameworksBuildPhase section */

/* Begin PBXGroup section */
		6359F89A28DDA23400CC7C87 = {
			isa = PBXGroup;
			children = (
				637E6A8029BF37F200F7B7EE /* Screenshot1.png */,
				637E6A7F29BF364400F7B7EE /* README.md */,
				6359F8A528DDA23400CC7C87 /* FileRenamer */,
				6359F8A428DDA23400CC7C87 /* Products */,
			);
			sourceTree = "<group>";
		};
		6359F8A428DDA23400CC7C87 /* Products */ = {
			isa = PBXGroup;
			children = (
				6359F8A328DDA23400CC7C87 /* FileRenamer.app */,
			);
			name = Products;
			sourceTree = "<group>";
		};
		6359F8A528DDA23400CC7C87 /* FileRenamer */ = {
			isa = PBXGroup;
			children = (
				6359F8A628DDA23400CC7C87 /* FileRenamerApp.swift */,
				6359F8B728DDA38500CC7C87 /* ModelData.swift */,
				6359F8A828DDA23400CC7C87 /* ContentView.swift */,
				6359F8AA28DDA23500CC7C87 /* Assets.xcassets */,
				6359F8AF28DDA23500CC7C87 /* FileRenamer.entitlements */,
				6359F8AC28DDA23500CC7C87 /* Preview Content */,
			);
			path = FileRenamer;
			sourceTree = "<group>";
		};
		6359F8AC28DDA23500CC7C87 /* Preview Content */ = {
			isa = PBXGroup;
			children = (
				6359F8AD28DDA23500CC7C87 /* Preview Assets.xcassets */,
			);
			path = "Preview Content";
			sourceTree = "<group>";
		};
/* End PBXGroup section */

/* Begin PBXNativeTarget section */
		6359F8A228DDA23400CC7C87 /* FileRenamer */ = {
			isa = PBXNativeTarget;
			buildConfigurationList = 6359F8B228DDA23500CC7C87 /* Build configuration list for PBXNativeTarget "FileRenamer" */;
			buildPhases = (
				6359F89F28DDA23400CC7C87 /* Sources */,
				6359F8A028DDA23400CC7C87 /* Frameworks */,
				6359F8A128DDA23400CC7C87 /* Resources */,
			);
			buildRules = (
			);
			dependencies = (
			);
			name = FileRenamer;
			productName = FileRenamer;
			productReference = 6359F8A328DDA23400CC7C87 /* FileRenamer.app */;
			productType = "com.apple.product-type.application";
		};
/* End PBXNativeTarget section */

/* Begin PBXProject section */
		6359F89B28DDA23400CC7C87 /* Project object */ = {
			isa = PBXProject;
			attributes = {
				BuildIndependentTargetsInParallel = 1;
				LastSwiftUpdateCheck = 1340;
				LastUpgradeCheck = 1340;
				TargetAttributes = {
					6359F8A228DDA23400CC7C87 = {
						CreatedOnToolsVersion = 13.4.1;
					};
				};
			};
			buildConfigurationList = 6359F89E28DDA23400CC7C87 /* Build configuration list for PBXProject "FileRenamer" */;
			compatibilityVersion = "Xcode 13.0";
			developmentRegion = en;
			hasScannedForEncodings = 0;
			knownRegions = (
				en,
				Base,
			);
			mainGroup = 6359F89A28DDA23400CC7C87;
			productRefGroup = 6359F8A428DDA23400CC7C87 /* Products */;
			projectDirPath = "";
			projectRoot = "";
			targets = (
				6359F8A228DDA23400CC7C87 /* FileRenamer */,
			);
		};
/* End PBXProject section */

/* Begin PBXResourcesBuildPhase section */
		6359F8A128DDA23400CC7C87 /* Resources */ = {
			isa = PBXResourcesBuildPhase;
			buildActionMask = 2147483647;
			files = (
				6359F8AE28DDA23500CC7C87 /* Preview Assets.xcassets in Resources */,
				6359F8AB28DDA23500CC7C87 /* Assets.xcassets in Resources */,
			);
			runOnlyForDeploymentPostprocessing = 0;
		};
/* End PBXResourcesBuildPhase section */

/* Begin PBXSourcesBuildPhase section */
		6359F89F28DDA23400CC7C87 /* Sources */ = {
			isa = PBXSourcesBuildPhase;
			buildActionMask = 2147483647;
			files = (
				6359F8A928DDA23400CC7C87 /* ContentView.swift in Sources */,
				6359F8A728DDA23400CC7C87 /* FileRenamerApp.swift in Sources */,
				6359F8B828DDA38500CC7C87 /* ModelData.swift in Sources */,
			);
			runOnlyForDeploymentPostprocessing = 0;
		};
/* End PBXSourcesBuildPhase section */

/* Begin XCBuildConfiguration section */
		6359F8B028DDA23500CC7C87 /* Debug */ = {
			isa = XCBuildConfiguration;
			buildSettings = {
				ALWAYS_SEARCH_USER_PATHS = NO;
				CLANG_ANALYZER_NONNULL = YES;
				CLANG_ANALYZER_NUMBER_OBJECT_CONVERSION = YES_AGGRESSIVE;
				CLANG_CXX_LANGUAGE_STANDARD = "gnu++17";
				CLANG_ENABLE_MODULES = YES;
				CLANG_ENABLE_OBJC_ARC = YES;
				CLANG_ENABLE_OBJC_WEAK = YES;
				CLANG_WARN_BLOCK_CAPTURE_AUTORELEASING = YES;
				CLANG_WARN_BOOL_CONVERSION = YES;
				CLANG_WARN_COMMA = YES;
				CLANG_WARN_CONSTANT_CONVERSION = YES;
				CLANG_WARN_DEPRECATED_OBJC_IMPLEMENTATIONS = YES;
				CLANG_WARN_DIRECT_OBJC_ISA_USAGE = YES_ERROR;
				CLANG_WARN_DOCUMENTATION_COMMENTS = YES;
				CLANG_WARN_EMPTY_BODY = YES;
				CLANG_WARN_ENUM_CONVERSION = YES;
				CLANG_WARN_INFINITE_RECURSION = YES;
				CLANG_WARN_INT_CONVERSION = YES;
				CLANG_WARN_NON_LITERAL_NULL_CONVERSION = YES;
				CLANG_WARN_OBJC_IMPLICIT_RETAIN_SELF = YES;
				CLANG_WARN_OBJC_LITERAL_CONVERSION = YES;
				CLANG_WARN_OBJC_ROOT_CLASS = YES_ERROR;
				CLANG_WARN_QUOTED_INCLUDE_IN_FRAMEWORK_HEADER = YES;
				CLANG_WARN_RANGE_LOOP_ANALYSIS = YES;
				CLANG_WARN_STRICT_PROTOTYPES = YES;
				CLANG_WARN_SUSPICIOUS_MOVE = YES;
				CLANG_WARN_UNGUARDED_AVAILABILITY = YES_AGGRESSIVE;
				CLANG_WARN_UNREACHABLE_CODE = YES;
				CLANG_WARN__DUPLICATE_METHOD_MATCH = YES;
				COPY_PHASE_STRIP = NO;
				DEBUG_INFORMATION_FORMAT = dwarf;
				ENABLE_STRICT_OBJC_MSGSEND = YES;
				ENABLE_TESTABILITY = YES;
				GCC_C_LANGUAGE_STANDARD = gnu11;
				GCC_DYNAMIC_NO_PIC = NO;
				GCC_NO_COMMON_BLOCKS = YES;
				GCC_OPTIMIZATION_LEVEL = 0;
				GCC_PREPROCESSOR_DEFINITIONS = (
					"DEBUG=1",
					"$(inherited)",
				);
				GCC_WARN_64_TO_32_BIT_CONVERSION = YES;
				GCC_WARN_ABOUT_RETURN_TYPE = YES_ERROR;
				GCC_WARN_UNDECLARED_SELECTOR = YES;
				GCC_WARN_UNINITIALIZED_AUTOS = YES_AGGRESSIVE;
				GCC_WARN_UNUSED_FUNCTION = YES;
				GCC_WARN_UNUSED_VARIABLE = YES;
				MACOSX_DEPLOYMENT_TARGET = 12.3;
				MTL_ENABLE_DEBUG_INFO = INCLUDE_SOURCE;
				MTL_FAST_MATH = YES;
				ONLY_ACTIVE_ARCH = YES;
				SDKROOT = macosx;
				SWIFT_ACTIVE_COMPILATION_CONDITIONS = DEBUG;
				SWIFT_OPTIMIZATION_LEVEL = "-Onone";
			};
			name = Debug;
		};
		6359F8B128DDA23500CC7C87 /* Release */ = {
			isa = XCBuildConfiguration;
			buildSettings = {
				ALWAYS_SEARCH_USER_PATHS = NO;
				CLANG_ANALYZER_NONNULL = YES;
				CLANG_ANALYZER_NUMBER_OBJECT_CONVERSION = YES_AGGRESSIVE;
				CLANG_CXX_LANGUAGE_STANDARD = "gnu++17";
				CLANG_ENABLE_MODULES = YES;
				CLANG_ENABLE_OBJC_ARC = YES;
				CLANG_ENABLE_OBJC_WEAK = YES;
				CLANG_WARN_BLOCK_CAPTURE_AUTORELEASING = YES;
				CLANG_WARN_BOOL_CONVERSION = YES;
				CLANG_WARN_COMMA = YES;
				CLANG_WARN_CONSTANT_CONVERSION = YES;
				CLANG_WARN_DEPRECATED_OBJC_IMPLEMENTATIONS = YES;
				CLANG_WARN_DIRECT_OBJC_ISA_USAGE = YES_ERROR;
				CLANG_WARN_DOCUMENTATION_COMMENTS = YES;
				CLANG_WARN_EMPTY_BODY = YES;
				CLANG_WARN_ENUM_CONVERSION = YES;
				CLANG_WARN_INFINITE_RECURSION = YES;
				CLANG_WARN_INT_CONVERSION = YES;
				CLANG_WARN_NON_LITERAL_NULL_CONVERSION = YES;
				CLANG_WARN_OBJC_IMPLICIT_RETAIN_SELF = YES;
				CLANG_WARN_OBJC_LITERAL_CONVERSION = YES;
				CLANG_WARN_OBJC_ROOT_CLASS = YES_ERROR;
				CLANG_WARN_QUOTED_INCLUDE_IN_FRAMEWORK_HEADER = YES;
				CLANG_WARN_RANGE_LOOP_ANALYSIS = YES;
				CLANG_WARN_STRICT_PROTOTYPES = YES;
				CLANG_WARN_SUSPICIOUS_MOVE = YES;
				CLANG_WARN_UNGUARDED_AVAILABILITY = YES_AGGRESSIVE;
				CLANG_WARN_UNREACHABLE_CODE = YES;
				CLANG_WARN__DUPLICATE_METHOD_MATCH = YES;
				COPY_PHASE_STRIP = NO;
				DEBUG_INFORMATION_FORMAT = "dwarf-with-dsym";
				ENABLE_NS_ASSERTIONS = NO;
				ENABLE_STRICT_OBJC_MSGSEND = YES;
				GCC_C_LANGUAGE_STANDARD = gnu11;
				GCC_NO_COMMON_BLOCKS = YES;
				GCC_WARN_64_TO_32_BIT_CONVERSION = YES;
				GCC_WARN_ABOUT_RETURN_TYPE = YES_ERROR;
				GCC_WARN_UNDECLARED_SELECTOR = YES;
				GCC_WARN_UNINITIALIZED_AUTOS = YES_AGGRESSIVE;
				GCC_WARN_UNUSED_FUNCTION = YES;
				GCC_WARN_UNUSED_VARIABLE = YES;
				MACOSX_DEPLOYMENT_TARGET = 12.3;
				MTL_ENABLE_DEBUG_INFO = NO;
				MTL_FAST_MATH = YES;
				SDKROOT = macosx;
				SWIFT_COMPILATION_MODE = wholemodule;
				SWIFT_OPTIMIZATION_LEVEL = "-O";
			};
			name = Release;
		};
		6359F8B328DDA23500CC7C87 /* Debug */ = {
			isa = XCBuildConfiguration;
			buildSettings = {
				ASSETCATALOG_COMPILER_APPICON_NAME = AppIcon;
				ASSETCATALOG_COMPILER_GLOBAL_ACCENT_COLOR_NAME = AccentColor;
				CODE_SIGN_ENTITLEMENTS = FileRenamer/FileRenamer.entitlements;
				CODE_SIGN_IDENTITY = "Apple Development";
				CODE_SIGN_INJECT_BASE_ENTITLEMENTS = YES;
				CODE_SIGN_STYLE = Automatic;
				COMBINE_HIDPI_IMAGES = YES;
				CURRENT_PROJECT_VERSION = 1;
				DEVELOPMENT_ASSET_PATHS = "\"FileRenamer/Preview Content\"";
				DEVELOPMENT_TEAM = 92ACM6N963;
				ENABLE_HARDENED_RUNTIME = YES;
				ENABLE_PREVIEWS = YES;
				GENERATE_INFOPLIST_FILE = YES;
				INFOPLIST_KEY_NSHumanReadableCopyright = "";
				LD_RUNPATH_SEARCH_PATHS = (
					"$(inherited)",
					"@executable_path/../Frameworks",
				);
				MARKETING_VERSION = 1.0;
				PRODUCT_BUNDLE_IDENTIFIER = info.lattenote.FileRenamer;
				PRODUCT_NAME = "$(TARGET_NAME)";
				PROVISIONING_PROFILE_SPECIFIER = "";
				SWIFT_EMIT_LOC_STRINGS = YES;
				SWIFT_VERSION = 5.0;
			};
			name = Debug;
		};
		6359F8B428DDA23500CC7C87 /* Release */ = {
			isa = XCBuildConfiguration;
			buildSettings = {
				ASSETCATALOG_COMPILER_APPICON_NAME = AppIcon;
				ASSETCATALOG_COMPILER_GLOBAL_ACCENT_COLOR_NAME = AccentColor;
				CODE_SIGN_ENTITLEMENTS = FileRenamer/FileRenamer.entitlements;
				CODE_SIGN_IDENTITY = "Apple Development";
				CODE_SIGN_INJECT_BASE_ENTITLEMENTS = YES;
				CODE_SIGN_STYLE = Automatic;
				COMBINE_HIDPI_IMAGES = YES;
				CURRENT_PROJECT_VERSION = 1;
				DEVELOPMENT_ASSET_PATHS = "\"FileRenamer/Preview Content\"";
				DEVELOPMENT_TEAM = 92ACM6N963;
				ENABLE_HARDENED_RUNTIME = YES;
				ENABLE_PREVIEWS = YES;
				GENERATE_INFOPLIST_FILE = YES;
				INFOPLIST_KEY_NSHumanReadableCopyright = "";
				LD_RUNPATH_SEARCH_PATHS = (
					"$(inherited)",
					"@executable_path/../Frameworks",
				);
				MARKETING_VERSION = 1.0;
				PRODUCT_BUNDLE_IDENTIFIER = info.lattenote.FileRenamer;
				PRODUCT_NAME = "$(TARGET_NAME)";
				PROVISIONING_PROFILE_SPECIFIER = "";
				SWIFT_EMIT_LOC_STRINGS = YES;
				SWIFT_VERSION = 5.0;
			};
			name = Release;
		};
/* End XCBuildConfiguration section */

/* Begin XCConfigurationList section */
		6359F89E28DDA23400CC7C87 /* Build configuration list for PBXProject "FileRenamer" */ = {
			isa = XCConfigurationList;
			buildConfigurations = (
				6359F8B028DDA23500CC7C87 /* Debug */,
				6359F8B128DDA23500CC7C87 /* Release */,
			);
			defaultConfigurationIsVisible = 0;
			defaultConfigurationName = Release;
		};
		6359F8B228DDA23500CC7C87 /* Build configuration list for PBXNativeTarget "FileRenamer" */ = {
			isa = XCConfigurationList;
			buildConfigurations = (
				6359F8B328DDA23500CC7C87 /* Debug */,
				6359F8B428DDA23500CC7C87 /* Release */,
			);
			defaultConfigurationIsVisible = 0;
			defaultConfigurationName = Release;
		};
/* End XCConfigurationList section */
	};
	rootObject = 6359F89B28DDA23400CC7C87 /* Project object */;
}
